
Microsoft Visual Studio Solution File, Format Version 12.00
# Visual Studio Version 17
VisualStudioVersion = 17.1.32228.430
MinimumVisualStudioVersion = 10.0.40219.1
Project("{FAE04EC0-301F-11D3-BF4B-00C04F79EFBC}") = "ff", "ff\ff.csproj", "{A82F355D-B5D6-4E80-B6B4-6F547133900B}"
EndProject
Global
	GlobalSection(SolutionConfigurationPlatforms) = preSolution
		Debug|Any CPU = Debug|Any CPU
		Release|Any CPU = Release|Any CPU
	EndGlobalSection
	GlobalSection(ProjectConfigurationPlatforms) = postSolution
		{A82F355D-B5D6-4E80-B6B4-6F547133900B}.Debug|Any CPU.ActiveCfg = Debug|Any CPU
		{A82F355D-B5D6-4E80-B6B4-6F547133900B}.Debug|Any CPU.Build.0 = Debug|Any CPU
		{A82F355D-B5D6-4E80-B6B4-6F547133900B}.Release|Any CPU.ActiveCfg = Release|Any CPU
		{A82F355D-B5D6-4E80-B6B4-6F547133900B}.Release|Any CPU.Build.0 = Release|Any CPU
	EndGlobalSection
	GlobalSection(SolutionProperties) = preSolution
		HideSolutionNode = FALSE
	EndGlobalSection
	GlobalSection(ExtensibilityGlobals) = postSolution
		SolutionGuid = {27E803CB-0ABB-485C-AB5B-F204AFAE3467}
	EndGlobalSection
EndGlobal
